id: 6294704722
type: node
latitude: 41.42755
longitude: -74.42768
postcode: "10940"
city: Middletown
street: "Dolson Avenue"
housenumber: 178
phone: "(845) 764-9579"
opening_hours: "Mo-Fr 08:00-18:00; Sa 08:00-17:00; Su 09:00-16:00"
website: "https://www.intoxalock.com/locations/ny/middletown/ignition-interlock-4542.html"